{
  "name": "xapi",
  "version": "1.0.0",
  "lockfileVersion": 2,
  "requires": true,
  "packages": {
    "": {
      "name": "xapi",
      "version": "1.0.0",
      "license": "ISC",
      "dependencies": {
        "@minecraft/server-ui": "^1.0.0-beta.11940b24"
      },
      "devDependencies": {
        "@minecraft/server": "^1.0.0"
      }
    },
    "node_modules/@minecraft/server": {
      "version": "1.0.0",
      "resolved": "https://registry.npmjs.org/@minecraft/server/-/server-1.0.0.tgz",
      "integrity": "sha512-Qp1rPHHhk61fP7tOMIU8bHU2fOA06YyMcmje5EFJS97ZJNp6AzbClC/5W5moC/1itrLRL4Ks0QjeIYnEk3ON1Q==",
      "dev": true
    },
    "node_modules/@minecraft/server-ui": {
      "version": "1.0.0-beta.11940b24",
      "resolved": "https://registry.npmjs.org/@minecraft/server-ui/-/server-ui-1.0.0-beta.11940b24.tgz",
      "integrity": "sha512-/E4FKC5Wv5ALExzfT0L45xyawQGAwlRn9W5cs5GmvaTMVwndAcWF39oAcsQcsn/hKEpMzuVFsSIao/pm00+Cgg==",
      "dependencies": {
        "@minecraft/server": "1.0.0-beta.11940b24"
      }
    },
    "node_modules/@minecraft/server-ui/node_modules/@minecraft/server": {
      "version": "1.0.0-beta.11940b24",
      "resolved": "https://registry.npmjs.org/@minecraft/server/-/server-1.0.0-beta.11940b24.tgz",
      "integrity": "sha512-1d5hXQ/g+kWvpoWiQ/IInxTeOxM6RECQ2+l3bR4AmmZ58NRq4pPYevaEvhVs06yKeM/3FmSPVqBu1/Lr6gN1Rg=="
    }
  },
  "dependencies": {
    "@minecraft/server": {
      "version": "1.0.0",
      "resolved": "https://registry.npmjs.org/@minecraft/server/-/server-1.0.0.tgz",
      "integrity": "sha512-Qp1rPHHhk61fP7tOMIU8bHU2fOA06YyMcmje5EFJS97ZJNp6AzbClC/5W5moC/1itrLRL4Ks0QjeIYnEk3ON1Q==",
      "dev": true
    },
    "@minecraft/server-ui": {
      "version": "1.0.0-beta.11940b24",
      "resolved": "https://registry.npmjs.org/@minecraft/server-ui/-/server-ui-1.0.0-beta.11940b24.tgz",
      "integrity": "sha512-/E4FKC5Wv5ALExzfT0L45xyawQGAwlRn9W5cs5GmvaTMVwndAcWF39oAcsQcsn/hKEpMzuVFsSIao/pm00+Cgg==",
      "requires": {
        "@minecraft/server": "1.0.0-beta.11940b24"
      },
      "dependencies": {
        "@minecraft/server": {
          "version": "1.0.0-beta.11940b24",
          "resolved": "https://registry.npmjs.org/@minecraft/server/-/server-1.0.0-beta.11940b24.tgz",
          "integrity": "sha512-1d5hXQ/g+kWvpoWiQ/IInxTeOxM6RECQ2+l3bR4AmmZ58NRq4pPYevaEvhVs06yKeM/3FmSPVqBu1/Lr6gN1Rg=="
        }
      }
    }
  }
}
