{
  "name": "xapi",
  "version": "1.0.0",
  "lockfileVersion": 2,
  "requires": true,
  "packages": {
    "": {
      "name": "xapi",
      "version": "1.0.0",
      "license": "ISC",
      "dependencies": {
        "@minecraft/server": "^1.0.0-beta.release.1.19.40",
        "@minecraft/server-ui": "^1.0.0-beta.11940b24",
        "jsonminify": "^0.4.2"
      }
    },
    "node_modules/@minecraft/server": {
      "version": "1.0.0-beta.release.1.19.40",
      "resolved": "https://registry.npmjs.org/@minecraft/server/-/server-1.0.0-beta.release.1.19.40.tgz",
      "integrity": "sha512-ruhPv3MqzeZAwB5EioAQGNKl0DP9s9DAbu+W4wSyZdndlP35omdzPOZsVH3Rz9Y5zL6PvIR4dm294UL4EMHj8Q=="
    },
    "node_modules/@minecraft/server-ui": {
      "version": "1.0.0-beta.11940b24",
      "resolved": "https://registry.npmjs.org/@minecraft/server-ui/-/server-ui-1.0.0-beta.11940b24.tgz",
      "integrity": "sha512-/E4FKC5Wv5ALExzfT0L45xyawQGAwlRn9W5cs5GmvaTMVwndAcWF39oAcsQcsn/hKEpMzuVFsSIao/pm00+Cgg==",
      "dependencies": {
        "@minecraft/server": "1.0.0-beta.11940b24"
      }
    },
    "node_modules/@minecraft/server-ui/node_modules/@minecraft/server": {
      "version": "1.0.0-beta.11940b24",
      "resolved": "https://registry.npmjs.org/@minecraft/server/-/server-1.0.0-beta.11940b24.tgz",
      "integrity": "sha512-1d5hXQ/g+kWvpoWiQ/IInxTeOxM6RECQ2+l3bR4AmmZ58NRq4pPYevaEvhVs06yKeM/3FmSPVqBu1/Lr6gN1Rg=="
    },
    "node_modules/jsonminify": {
      "version": "0.4.2",
      "resolved": "https://registry.npmjs.org/jsonminify/-/jsonminify-0.4.2.tgz",
      "integrity": "sha512-mEtP5ECD0293D+s45JhDutqF5mFCkWY8ClrPFxjSFR2KUoantofky7noSzyKnAnD9Gd8pXHZSUd5bgzLDUBbfA==",
      "engines": {
        "node": ">=0.8.0",
        "npm": ">=1.1.0"
      }
    }
  },
  "dependencies": {
    "@minecraft/server": {
      "version": "1.0.0-beta.release.1.19.40",
      "resolved": "https://registry.npmjs.org/@minecraft/server/-/server-1.0.0-beta.release.1.19.40.tgz",
      "integrity": "sha512-ruhPv3MqzeZAwB5EioAQGNKl0DP9s9DAbu+W4wSyZdndlP35omdzPOZsVH3Rz9Y5zL6PvIR4dm294UL4EMHj8Q=="
    },
    "@minecraft/server-ui": {
      "version": "1.0.0-beta.11940b24",
      "resolved": "https://registry.npmjs.org/@minecraft/server-ui/-/server-ui-1.0.0-beta.11940b24.tgz",
      "integrity": "sha512-/E4FKC5Wv5ALExzfT0L45xyawQGAwlRn9W5cs5GmvaTMVwndAcWF39oAcsQcsn/hKEpMzuVFsSIao/pm00+Cgg==",
      "requires": {
        "@minecraft/server": "1.0.0-beta.11940b24"
      },
      "dependencies": {
        "@minecraft/server": {
          "version": "1.0.0-beta.11940b24",
          "resolved": "https://registry.npmjs.org/@minecraft/server/-/server-1.0.0-beta.11940b24.tgz",
          "integrity": "sha512-1d5hXQ/g+kWvpoWiQ/IInxTeOxM6RECQ2+l3bR4AmmZ58NRq4pPYevaEvhVs06yKeM/3FmSPVqBu1/Lr6gN1Rg=="
        }
      }
    },
    "jsonminify": {
      "version": "0.4.2",
      "resolved": "https://registry.npmjs.org/jsonminify/-/jsonminify-0.4.2.tgz",
      "integrity": "sha512-mEtP5ECD0293D+s45JhDutqF5mFCkWY8ClrPFxjSFR2KUoantofky7noSzyKnAnD9Gd8pXHZSUd5bgzLDUBbfA=="
    }
  }
}
