# THIS IS AN AUTOGENERATED FILE. DO NOT EDIT THIS FILE DIRECTLY.
# yarn lockfile v1


"@minecraft/common@^1.0.0":
  version "1.0.0"
  resolved "https://registry.yarnpkg.com/@minecraft/common/-/common-1.0.0.tgz#c205afa0194c7117745b991d85a68fc5f5268ace"
  integrity sha512-7WObMvUWaS2zBVBZwc150Kd/apLUYa5tx2fvkLe3JoviEKm7QjZNLghZV9sV/STXmd9k3HBKTKvRyGdNaTIVBA==

"@minecraft/server-admin@1.0.0-beta.1.20.40-stable", "@minecraft/server-admin@^1.0.0-beta.1.20.40-stable":
  version "1.0.0-beta.1.20.40-stable"
  resolved "https://registry.yarnpkg.com/@minecraft/server-admin/-/server-admin-1.0.0-beta.1.20.40-stable.tgz#5782362d05248ca28797d8539b25c1cda74bf594"
  integrity sha512-aMdaL3jcYW67FJUDVIBwMJr18yoyhTWug5Y2qmLHJ8vWN/jtKfmYruYBgpETNWdSmJ5FEErMueqTkABgPd5ciw==
  dependencies:
    "@minecraft/common" "^1.0.0"

"@minecraft/server-gametest@1.0.0-beta.1.20.40-stable":
  version "1.0.0-beta.1.20.40-stable"
  resolved "https://registry.yarnpkg.com/@minecraft/server-gametest/-/server-gametest-1.0.0-beta.1.20.40-stable.tgz#5132cc2b547b12a83fd862e52a6a3cc61a45a009"
  integrity sha512-XWs1JY1DZw48vG9jRMLgsQt9s73C29GDjmkJgnp2ORSgr8jp/ifidJza6UcE4JujjZYfQbjMrxbST19mEE5Yng==
  dependencies:
    "@minecraft/common" "^1.0.0"
    "@minecraft/server" "^1.7.0-beta.1.20.40-stable"

"@minecraft/server-net@1.0.0-beta.1.20.40-stable":
  version "1.0.0-beta.1.20.40-stable"
  resolved "https://registry.yarnpkg.com/@minecraft/server-net/-/server-net-1.0.0-beta.1.20.40-stable.tgz#5e0b7f421e30cb9dab3c5c782637a7a10fb673b1"
  integrity sha512-FR5FX89+qZP8XodoF2oRFSwMtKXXVTVTWfgSBsKH+9XYn+BB8F4HrK22nHH0LOLTs+oWrdUi6g/xxFmNhxzkcQ==
  dependencies:
    "@minecraft/common" "^1.0.0"
    "@minecraft/server-admin" "^1.0.0-beta.1.20.40-stable"

"@minecraft/server-ui@1.2.0-beta.1.20.40-stable":
  version "1.2.0-beta.1.20.40-stable"
  resolved "https://registry.yarnpkg.com/@minecraft/server-ui/-/server-ui-1.2.0-beta.1.20.40-stable.tgz#ecf6f7fa635e1f72e2a3e259695e5d3aff922fa0"
  integrity sha512-89YFi8SrwSi7Bbn2PNO6p1cjfS1PKs1cNFkvIeypDpjvH+uLfrv0bVXJCmLrtTy7G3xIF4MYyGhkOz7rv+j7Ng==
  dependencies:
    "@minecraft/common" "^1.0.0"
    "@minecraft/server" "^1.7.0-beta.1.20.40-stable"

"@minecraft/server@1.7.0-beta.1.20.40-stable", "@minecraft/server@^1.7.0-beta.1.20.40-stable":
  version "1.7.0-beta.1.20.40-stable"
  resolved "https://registry.yarnpkg.com/@minecraft/server/-/server-1.7.0-beta.1.20.40-stable.tgz#18c9e97934770126e9988abae646cffda5cfa0d3"
  integrity sha512-Faqt4qfSRkMRjufOhE4msn//bpPJxRy24qwRgzW6wqmzNworQYobZvarTeLrtXdL7o2dEef0pwqJ87WkWTKa9A==
  dependencies:
    "@minecraft/common" "^1.0.0"

"@minecraft/vanilla-data@^1.20.40":
  version "1.20.40"
  resolved "https://registry.yarnpkg.com/@minecraft/vanilla-data/-/vanilla-data-1.20.40.tgz#087a2b0af21c9fc1a59013fb90d737e6b78e2b14"
  integrity sha512-uns6GTyYcgC8rhYfMKpfIO7Gi5lhndFrpxdB8sfELFhXItSQAjtz86Q5NWh7SoDUDevJs0y+VJ7H2wsfYLvdaw==

leafy-utils@^5.1.1:
  version "5.1.5"
  resolved "https://registry.yarnpkg.com/leafy-utils/-/leafy-utils-5.1.5.tgz#fe59b7e8784a9ae70b2bf202acfc64cd5b088dcf"
  integrity sha512-Emfv6KcK0ic/0zZ20LgkXyU9gZE516Drip27pmbxHuUdgeVjMypH+UWAZbIiYrMn0L7fNApkpiozKcPCI6Wktw==

typescript@^5.2.2:
  version "5.2.2"
  resolved "https://registry.yarnpkg.com/typescript/-/typescript-5.2.2.tgz#5ebb5e5a5b75f085f22bc3f8460fba308310fa78"
  integrity sha512-mI4WrpHsbCIcwT9cF4FZvr80QUeKvsUsUvKDoR+X/7XHQH98xYD8YHZg7ANtz2GtZt/CBq2QJ0thkGJMHfqc1w==
