# THIS IS AN AUTOGENERATED FILE. DO NOT EDIT THIS FILE DIRECTLY.
# yarn lockfile v1


"@minecraft/server-admin@1.0.0-beta.1.20.10-stable":
  version "1.0.0-beta.1.20.10-stable"
  resolved "https://registry.yarnpkg.com/@minecraft/server-admin/-/server-admin-1.0.0-beta.1.20.10-stable.tgz#9cc4228cf4aa7fec17a3b92533c808e61f85eee3"
  integrity sha512-xY4HFpWptf0HkHyJ+qTWjDCYZoHOeDLB/wKTfl00QgbHzjJM1jy6kKoqlvokXWgJKzoy/b8p37b5ztXHhGBeMQ==

"@minecraft/server-admin@^1.0.0-beta.1.20.10-stable":
  version "1.0.0-beta.11940b24"
  resolved "https://registry.yarnpkg.com/@minecraft/server-admin/-/server-admin-1.0.0-beta.11940b24.tgz#9c37bbeb41cf6bb65e60a819f82b19ade1ae0f36"
  integrity sha512-UZ8YyB8mvF31f22+uM67gJums9d6NDgz9AQ2l4a++EHUP9uen0m3aaBaqM9RyumJpRBJbv/hslAKOyeDT01qew==

"@minecraft/server-gametest@1.0.0-beta.1.20.10-stable":
  version "1.0.0-beta.1.20.10-stable"
  resolved "https://registry.yarnpkg.com/@minecraft/server-gametest/-/server-gametest-1.0.0-beta.1.20.10-stable.tgz#1fb444e2876023c13743f1392ec247ae77cffb74"
  integrity sha512-7E5mkOGL+m0EiKYmnVK1x0Kge7SNZwIGsHKL3Wigcrgga2LALq+xff5y7hSs87goddDxZfDsyFxVD0uQovOR1g==
  dependencies:
    "@minecraft/server" "^1.4.0-beta.1.20.10-stable"

"@minecraft/server-net@1.0.0-beta.1.20.10-stable":
  version "1.0.0-beta.1.20.10-stable"
  resolved "https://registry.yarnpkg.com/@minecraft/server-net/-/server-net-1.0.0-beta.1.20.10-stable.tgz#36a7b6114277d3a3539c2b660be0481a0c9ff182"
  integrity sha512-1UW6Qyh3uLkaAILm6yXtH2WCI0lZTNyhelDCPDXuqcRgveWOrgPPIzJNJSYMUWc6Z9BQkMR3yTvHUCjPEgiNIA==
  dependencies:
    "@minecraft/server-admin" "^1.0.0-beta.1.20.10-stable"

"@minecraft/server-ui@1.2.0-beta.1.20.10-stable":
  version "1.2.0-beta.1.20.10-stable"
  resolved "https://registry.yarnpkg.com/@minecraft/server-ui/-/server-ui-1.2.0-beta.1.20.10-stable.tgz#64193b56a0ac55772a20fdd4dbcf38521bf8cf8b"
  integrity sha512-ciStJuaHMxQhddJzZPiaJJBi6LjVEugr5LoamUaQhdd2qfgILAz/k3Nfwsx7YYDSTrg6jmMrAj4+Na5IJ7VITw==
  dependencies:
    "@minecraft/server" "^1.4.0-beta.1.20.10-stable"

"@minecraft/server@1.4.0-beta.1.20.10-stable", "@minecraft/server@^1.4.0-beta.1.20.10-stable":
  version "1.4.0-beta.1.20.10-stable"
  resolved "https://registry.yarnpkg.com/@minecraft/server/-/server-1.4.0-beta.1.20.10-stable.tgz#4c326a55b360b6351c1704389cbb90a7fc1205d5"
  integrity sha512-GFxR3rc83fLG4G1QV51D6a7V1EylomZrUMO1oUNINhkMpNBe2ACA9CBpLpkixxg0Y3aDpUnTkuhjQpoMnekPSA==

leafy-utils@^5.1.1:
  version "5.1.5"
  resolved "https://registry.yarnpkg.com/leafy-utils/-/leafy-utils-5.1.5.tgz#fe59b7e8784a9ae70b2bf202acfc64cd5b088dcf"
  integrity sha512-Emfv6KcK0ic/0zZ20LgkXyU9gZE516Drip27pmbxHuUdgeVjMypH+UWAZbIiYrMn0L7fNApkpiozKcPCI6Wktw==
